
Microsoft Visual Studio Solution File, Format Version 12.00
# Visual Studio Version 17
VisualStudioVersion = 17.9.34728.123
MinimumVisualStudioVersion = 10.0.40219.1
Project("{FAE04EC0-301F-11D3-BF4B-00C04F79EFBC}") = "BlazorWebApp", "BlazorWebApp\BlazorWebApp.csproj", "{A4C31440-057D-4114-9A16-AFBE75E7712E}"
EndProject
Project("{FAE04EC0-301F-11D3-BF4B-00C04F79EFBC}") = "BlazorWebApp.Client", "BlazorWebApp.Client\BlazorWebApp.Client.csproj", "{4B778BE8-9F82-4317-8C71-15EC79E5362E}"
EndProject
Global
	GlobalSection(SolutionConfigurationPlatforms) = preSolution
		Debug|Any CPU = Debug|Any CPU
		Release|Any CPU = Release|Any CPU
	EndGlobalSection
	GlobalSection(ProjectConfigurationPlatforms) = postSolution
		{A4C31440-057D-4114-9A16-AFBE75E7712E}.Debug|Any CPU.ActiveCfg = Debug|Any CPU
		{A4C31440-057D-4114-9A16-AFBE75E7712E}.Debug|Any CPU.Build.0 = Debug|Any CPU
		{A4C31440-057D-4114-9A16-AFBE75E7712E}.Release|Any CPU.ActiveCfg = Release|Any CPU
		{A4C31440-057D-4114-9A16-AFBE75E7712E}.Release|Any CPU.Build.0 = Release|Any CPU
		{4B778BE8-9F82-4317-8C71-15EC79E5362E}.Debug|Any CPU.ActiveCfg = Debug|Any CPU
		{4B778BE8-9F82-4317-8C71-15EC79E5362E}.Debug|Any CPU.Build.0 = Debug|Any CPU
		{4B778BE8-9F82-4317-8C71-15EC79E5362E}.Release|Any CPU.ActiveCfg = Release|Any CPU
		{4B778BE8-9F82-4317-8C71-15EC79E5362E}.Release|Any CPU.Build.0 = Release|Any CPU
	EndGlobalSection
	GlobalSection(SolutionProperties) = preSolution
		HideSolutionNode = FALSE
	EndGlobalSection
	GlobalSection(ExtensibilityGlobals) = postSolution
		SolutionGuid = {9C08A110-4928-48E9-844F-1E8FB713E5EF}
	EndGlobalSection
EndGlobal
